{
  "version": 4,
  "terraform_version": "0.12.24",
  "serial": 248,
  "lineage": "a95777d8-6eb8-acbe-b4a2-524bf3b4e339",
  "outputs": {},
  "resources": [
    {
      "module": "module.mongodb_comp.module.mongo.module.ec2",
      "mode": "data",
      "type": "aws_ami",
      "name": "ami",
      "provider": "provider.aws",
      "instances": [
        {
          "schema_version": 0,
          "attributes": {
            "architecture": "x86_64",
            "block_device_mappings": [
              {
                "device_name": "/dev/xvda",
                "ebs": {
                  "delete_on_termination": "true",
                  "encrypted": "false",
                  "iops": "0",
                  "snapshot_id": "snap-0cc421f413b5be1dd",
                  "volume_size": "8",
                  "volume_type": "gp2"
                },
                "no_device": "",
                "virtual_name": ""
              }
            ],
            "creation_date": "2020-04-07T17:30:33.000Z",
            "description": "Amazon Linux 2 AMI 2.0.20200406.0 x86_64 HVM gp2",
            "executable_users": null,
            "filter": [
              {
                "name": "image-id",
                "values": [
                  "ami-0f7919c33c90f5b58"
                ]
              }
            ],
            "hypervisor": "xen",
            "id": "ami-0f7919c33c90f5b58",
            "image_id": "ami-0f7919c33c90f5b58",
            "image_location": "amazon/amzn2-ami-hvm-2.0.20200406.0-x86_64-gp2",
            "image_owner_alias": "amazon",
            "image_type": "machine",
            "kernel_id": null,
            "most_recent": true,
            "name": "amzn2-ami-hvm-2.0.20200406.0-x86_64-gp2",
            "name_regex": null,
            "owner_id": "137112412989",
            "owners": [
              "amazon"
            ],
            "platform": null,
            "product_codes": [],
            "public": true,
            "ramdisk_id": null,
            "root_device_name": "/dev/xvda",
            "root_device_type": "ebs",
            "root_snapshot_id": "snap-0cc421f413b5be1dd",
            "sriov_net_support": "simple",
            "state": "available",
            "state_reason": {
              "code": "UNSET",
              "message": "UNSET"
            },
            "tags": {},
            "virtualization_type": "hvm"
          }
        }
      ]
    },
    {
      "module": "module.jumphost_comp.module.jumphost.module.ec2",
      "mode": "data",
      "type": "aws_ami",
      "name": "ami",
      "provider": "provider.aws",
      "instances": [
        {
          "schema_version": 0,
          "attributes": {
            "architecture": "x86_64",
            "block_device_mappings": [
              {
                "device_name": "/dev/xvda",
                "ebs": {
                  "delete_on_termination": "true",
                  "encrypted": "false",
                  "iops": "0",
                  "snapshot_id": "snap-0cc421f413b5be1dd",
                  "volume_size": "8",
                  "volume_type": "gp2"
                },
                "no_device": "",
                "virtual_name": ""
              }
            ],
            "creation_date": "2020-04-07T17:30:33.000Z",
            "description": "Amazon Linux 2 AMI 2.0.20200406.0 x86_64 HVM gp2",
            "executable_users": null,
            "filter": [
              {
                "name": "image-id",
                "values": [
                  "ami-0f7919c33c90f5b58"
                ]
              }
            ],
            "hypervisor": "xen",
            "id": "ami-0f7919c33c90f5b58",
            "image_id": "ami-0f7919c33c90f5b58",
            "image_location": "amazon/amzn2-ami-hvm-2.0.20200406.0-x86_64-gp2",
            "image_owner_alias": "amazon",
            "image_type": "machine",
            "kernel_id": null,
            "most_recent": true,
            "name": "amzn2-ami-hvm-2.0.20200406.0-x86_64-gp2",
            "name_regex": null,
            "owner_id": "137112412989",
            "owners": [
              "amazon"
            ],
            "platform": null,
            "product_codes": [],
            "public": true,
            "ramdisk_id": null,
            "root_device_name": "/dev/xvda",
            "root_device_type": "ebs",
            "root_snapshot_id": "snap-0cc421f413b5be1dd",
            "sriov_net_support": "simple",
            "state": "available",
            "state_reason": {
              "code": "UNSET",
              "message": "UNSET"
            },
            "tags": {},
            "virtualization_type": "hvm"
          }
        }
      ]
    },
    {
      "module": "module.mongodb_comp.module.mongo.module.ec2",
      "mode": "data",
      "type": "aws_ebs_volume",
      "name": "existing_volume",
      "each": "list",
      "provider": "provider.aws",
      "instances": []
    },
    {
      "module": "module.jumphost_comp.module.jumphost.module.ec2",
      "mode": "data",
      "type": "aws_ebs_volume",
      "name": "existing_volume",
      "each": "list",
      "provider": "provider.aws",
      "instances": []
    },
    {
      "module": "module.mongodb_comp",
      "mode": "data",
      "type": "aws_security_group",
      "name": "internal_sg",
      "provider": "provider.aws",
      "instances": [
        {
          "schema_version": 0,
          "attributes": {
            "arn": "arn:aws:ec2:us-east-2:600018317388:security-group/sg-0cd3e63e2c8c17dbc",
            "description": "Managed by Terraform",
            "filter": [
              {
                "name": "group-name",
                "values": [
                  "internal_sg"
                ]
              }
            ],
            "id": "sg-0cd3e63e2c8c17dbc",
            "name": "internal_sg",
            "tags": {},
            "vpc_id": "vpc-00ef7cdb3b35365a8"
          }
        }
      ]
    },
    {
      "module": "module.mongodb_comp.module.vpc_lookups",
      "mode": "data",
      "type": "aws_security_group",
      "name": "sg",
      "provider": "provider.aws",
      "instances": [
        {
          "schema_version": 0,
          "attributes": {
            "arn": "arn:aws:ec2:us-east-2:600018317388:security-group/sg-05b5ce8e0211d48b2",
            "description": "jumphost_sg",
            "filter": [
              {
                "name": "group-name",
                "values": [
                  "tier1_sg"
                ]
              }
            ],
            "id": "sg-05b5ce8e0211d48b2",
            "name": "tier1_sg",
            "tags": {},
            "vpc_id": "vpc-00ef7cdb3b35365a8"
          }
        }
      ]
    },
    {
      "module": "module.mongodb_comp.module.mongo.module.vpc_lookups",
      "mode": "data",
      "type": "aws_security_group",
      "name": "sg",
      "provider": "provider.aws",
      "instances": [
        {
          "schema_version": 0,
          "attributes": {
            "arn": "arn:aws:ec2:us-east-2:600018317388:security-group/sg-05b5ce8e0211d48b2",
            "description": "jumphost_sg",
            "filter": [
              {
                "name": "group-name",
                "values": [
                  "tier1_sg"
                ]
              }
            ],
            "id": "sg-05b5ce8e0211d48b2",
            "name": "tier1_sg",
            "tags": {},
            "vpc_id": "vpc-00ef7cdb3b35365a8"
          }
        }
      ]
    },
    {
      "module": "module.jumphost_comp.module.vpc_lookups",
      "mode": "data",
      "type": "aws_security_group",
      "name": "sg",
      "provider": "provider.aws",
      "instances": [
        {
          "schema_version": 0,
          "attributes": {
            "arn": "arn:aws:ec2:us-east-2:600018317388:security-group/sg-05b5ce8e0211d48b2",
            "description": "jumphost_sg",
            "filter": [
              {
                "name": "group-name",
                "values": [
                  "tier1_sg"
                ]
              }
            ],
            "id": "sg-05b5ce8e0211d48b2",
            "name": "tier1_sg",
            "tags": {},
            "vpc_id": "vpc-00ef7cdb3b35365a8"
          }
        }
      ]
    },
    {
      "module": "module.jumphost_comp.module.jumphost.module.vpc_lookups",
      "mode": "data",
      "type": "aws_security_group",
      "name": "sg",
      "provider": "provider.aws",
      "instances": [
        {
          "schema_version": 0,
          "attributes": {
            "arn": "arn:aws:ec2:us-east-2:600018317388:security-group/sg-05b5ce8e0211d48b2",
            "description": "jumphost_sg",
            "filter": [
              {
                "name": "group-name",
                "values": [
                  "tier1_sg"
                ]
              }
            ],
            "id": "sg-05b5ce8e0211d48b2",
            "name": "tier1_sg",
            "tags": {},
            "vpc_id": "vpc-00ef7cdb3b35365a8"
          }
        }
      ]
    },
    {
      "module": "module.mongodb_comp.module.mongo",
      "mode": "data",
      "type": "aws_security_group",
      "name": "tier_sg",
      "provider": "provider.aws",
      "instances": [
        {
          "schema_version": 0,
          "attributes": {
            "arn": "arn:aws:ec2:us-east-2:600018317388:security-group/sg-05b5ce8e0211d48b2",
            "description": "jumphost_sg",
            "filter": [
              {
                "name": "group-name",
                "values": [
                  "tier1_sg"
                ]
              }
            ],
            "id": "sg-05b5ce8e0211d48b2",
            "name": "tier1_sg",
            "tags": {},
            "vpc_id": "vpc-00ef7cdb3b35365a8"
          }
        }
      ]
    },
    {
      "module": "module.jumphost_comp.module.jumphost",
      "mode": "data",
      "type": "aws_security_group",
      "name": "tier_sg",
      "provider": "provider.aws",
      "instances": [
        {
          "schema_version": 0,
          "attributes": {
            "arn": "arn:aws:ec2:us-east-2:600018317388:security-group/sg-05b5ce8e0211d48b2",
            "description": "jumphost_sg",
            "filter": [
              {
                "name": "group-name",
                "values": [
                  "tier1_sg"
                ]
              }
            ],
            "id": "sg-05b5ce8e0211d48b2",
            "name": "tier1_sg",
            "tags": {},
            "vpc_id": "vpc-00ef7cdb3b35365a8"
          }
        }
      ]
    },
    {
      "module": "module.mongodb_comp.module.mongo",
      "mode": "data",
      "type": "aws_security_group",
      "name": "vpc_sg",
      "provider": "provider.aws",
      "instances": [
        {
          "schema_version": 0,
          "attributes": {
            "arn": "arn:aws:ec2:us-east-2:600018317388:security-group/sg-0881ee7e0049e3778",
            "description": "Allows all access to jumphost",
            "filter": [
              {
                "name": "group-name",
                "values": [
                  "vpc_sg"
                ]
              }
            ],
            "id": "sg-0881ee7e0049e3778",
            "name": "vpc_sg",
            "tags": {},
            "vpc_id": "vpc-00ef7cdb3b35365a8"
          }
        }
      ]
    },
    {
      "module": "module.jumphost_comp.module.jumphost",
      "mode": "data",
      "type": "aws_security_group",
      "name": "vpc_sg",
      "provider": "provider.aws",
      "instances": [
        {
          "schema_version": 0,
          "attributes": {
            "arn": "arn:aws:ec2:us-east-2:600018317388:security-group/sg-0881ee7e0049e3778",
            "description": "Allows all access to jumphost",
            "filter": [
              {
                "name": "group-name",
                "values": [
                  "vpc_sg"
                ]
              }
            ],
            "id": "sg-0881ee7e0049e3778",
            "name": "vpc_sg",
            "tags": {},
            "vpc_id": "vpc-00ef7cdb3b35365a8"
          }
        }
      ]
    },
    {
      "module": "module.mongodb_comp.module.vpc_lookups",
      "mode": "data",
      "type": "aws_subnet",
      "name": "subnet",
      "provider": "provider.aws",
      "instances": [
        {
          "schema_version": 0,
          "attributes": {
            "arn": "arn:aws:ec2:us-east-2:600018317388:subnet/subnet-0f44497792ab950c7",
            "assign_ipv6_address_on_creation": false,
            "availability_zone": "us-east-2b",
            "availability_zone_id": "use2-az2",
            "cidr_block": "172.19.0.0/20",
            "default_for_az": false,
            "filter": [
              {
                "name": "cidrBlock",
                "values": [
                  "172.19.0.0/20"
                ]
              }
            ],
            "id": "subnet-0f44497792ab950c7",
            "ipv6_cidr_block": null,
            "ipv6_cidr_block_association_id": null,
            "map_public_ip_on_launch": false,
            "owner_id": "600018317388",
            "state": "available",
            "tags": {
              "Name": "Public subnet"
            },
            "vpc_id": "vpc-00ef7cdb3b35365a8"
          }
        }
      ]
    },
    {
      "module": "module.mongodb_comp.module.mongo.module.vpc_lookups",
      "mode": "data",
      "type": "aws_subnet",
      "name": "subnet",
      "provider": "provider.aws",
      "instances": [
        {
          "schema_version": 0,
          "attributes": {
            "arn": "arn:aws:ec2:us-east-2:600018317388:subnet/subnet-0f44497792ab950c7",
            "assign_ipv6_address_on_creation": false,
            "availability_zone": "us-east-2b",
            "availability_zone_id": "use2-az2",
            "cidr_block": "172.19.0.0/20",
            "default_for_az": false,
            "filter": [
              {
                "name": "cidrBlock",
                "values": [
                  "172.19.0.0/20"
                ]
              }
            ],
            "id": "subnet-0f44497792ab950c7",
            "ipv6_cidr_block": null,
            "ipv6_cidr_block_association_id": null,
            "map_public_ip_on_launch": false,
            "owner_id": "600018317388",
            "state": "available",
            "tags": {
              "Name": "Public subnet"
            },
            "vpc_id": "vpc-00ef7cdb3b35365a8"
          }
        }
      ]
    },
    {
      "module": "module.jumphost_comp.module.vpc_lookups",
      "mode": "data",
      "type": "aws_subnet",
      "name": "subnet",
      "provider": "provider.aws",
      "instances": [
        {
          "schema_version": 0,
          "attributes": {
            "arn": "arn:aws:ec2:us-east-2:600018317388:subnet/subnet-0f44497792ab950c7",
            "assign_ipv6_address_on_creation": false,
            "availability_zone": "us-east-2b",
            "availability_zone_id": "use2-az2",
            "cidr_block": "172.19.0.0/20",
            "default_for_az": false,
            "filter": [
              {
                "name": "cidrBlock",
                "values": [
                  "172.19.0.0/20"
                ]
              }
            ],
            "id": "subnet-0f44497792ab950c7",
            "ipv6_cidr_block": null,
            "ipv6_cidr_block_association_id": null,
            "map_public_ip_on_launch": false,
            "owner_id": "600018317388",
            "state": "available",
            "tags": {
              "Name": "Public subnet"
            },
            "vpc_id": "vpc-00ef7cdb3b35365a8"
          }
        }
      ]
    },
    {
      "module": "module.jumphost_comp.module.jumphost.module.vpc_lookups",
      "mode": "data",
      "type": "aws_subnet",
      "name": "subnet",
      "provider": "provider.aws",
      "instances": [
        {
          "schema_version": 0,
          "attributes": {
            "arn": "arn:aws:ec2:us-east-2:600018317388:subnet/subnet-0f44497792ab950c7",
            "assign_ipv6_address_on_creation": false,
            "availability_zone": "us-east-2b",
            "availability_zone_id": "use2-az2",
            "cidr_block": "172.19.0.0/20",
            "default_for_az": false,
            "filter": [
              {
                "name": "cidrBlock",
                "values": [
                  "172.19.0.0/20"
                ]
              }
            ],
            "id": "subnet-0f44497792ab950c7",
            "ipv6_cidr_block": null,
            "ipv6_cidr_block_association_id": null,
            "map_public_ip_on_launch": false,
            "owner_id": "600018317388",
            "state": "available",
            "tags": {
              "Name": "Public subnet"
            },
            "vpc_id": "vpc-00ef7cdb3b35365a8"
          }
        }
      ]
    },
    {
      "module": "module.mongodb_comp",
      "mode": "data",
      "type": "aws_vpc",
      "name": "vpc",
      "provider": "provider.aws",
      "instances": [
        {
          "schema_version": 0,
          "attributes": {
            "arn": "arn:aws:ec2:us-east-2:600018317388:vpc/vpc-00ef7cdb3b35365a8",
            "cidr_block": "172.19.0.0/16",
            "cidr_block_associations": [
              {
                "association_id": "vpc-cidr-assoc-0f0a27c80d6f88edb",
                "cidr_block": "172.19.0.0/16",
                "state": "associated"
              }
            ],
            "default": false,
            "dhcp_options_id": "dopt-4bf75920",
            "enable_dns_hostnames": true,
            "enable_dns_support": true,
            "filter": [
              {
                "name": "cidr",
                "values": [
                  "172.19.0.0/16"
                ]
              }
            ],
            "id": "vpc-00ef7cdb3b35365a8",
            "instance_tenancy": "default",
            "ipv6_association_id": null,
            "ipv6_cidr_block": null,
            "main_route_table_id": "rtb-0511dfb6af759ae58",
            "owner_id": "600018317388",
            "state": "available",
            "tags": {
              "Name": "common_vpc"
            }
          }
        }
      ]
    },
    {
      "module": "module.mongodb_comp.module.vpc_lookups",
      "mode": "data",
      "type": "aws_vpc",
      "name": "vpc",
      "provider": "provider.aws",
      "instances": [
        {
          "schema_version": 0,
          "attributes": {
            "arn": "arn:aws:ec2:us-east-2:600018317388:vpc/vpc-00ef7cdb3b35365a8",
            "cidr_block": "172.19.0.0/16",
            "cidr_block_associations": [
              {
                "association_id": "vpc-cidr-assoc-0f0a27c80d6f88edb",
                "cidr_block": "172.19.0.0/16",
                "state": "associated"
              }
            ],
            "default": false,
            "dhcp_options_id": "dopt-4bf75920",
            "enable_dns_hostnames": true,
            "enable_dns_support": true,
            "filter": [
              {
                "name": "cidr",
                "values": [
                  "172.19.0.0/16"
                ]
              }
            ],
            "id": "vpc-00ef7cdb3b35365a8",
            "instance_tenancy": "default",
            "ipv6_association_id": null,
            "ipv6_cidr_block": null,
            "main_route_table_id": "rtb-0511dfb6af759ae58",
            "owner_id": "600018317388",
            "state": "available",
            "tags": {
              "Name": "common_vpc"
            }
          }
        }
      ]
    },
    {
      "module": "module.mongodb_comp.module.mongo.module.vpc_lookups",
      "mode": "data",
      "type": "aws_vpc",
      "name": "vpc",
      "provider": "provider.aws",
      "instances": [
        {
          "schema_version": 0,
          "attributes": {
            "arn": "arn:aws:ec2:us-east-2:600018317388:vpc/vpc-00ef7cdb3b35365a8",
            "cidr_block": "172.19.0.0/16",
            "cidr_block_associations": [
              {
                "association_id": "vpc-cidr-assoc-0f0a27c80d6f88edb",
                "cidr_block": "172.19.0.0/16",
                "state": "associated"
              }
            ],
            "default": false,
            "dhcp_options_id": "dopt-4bf75920",
            "enable_dns_hostnames": true,
            "enable_dns_support": true,
            "filter": [
              {
                "name": "cidr",
                "values": [
                  "172.19.0.0/16"
                ]
              }
            ],
            "id": "vpc-00ef7cdb3b35365a8",
            "instance_tenancy": "default",
            "ipv6_association_id": null,
            "ipv6_cidr_block": null,
            "main_route_table_id": "rtb-0511dfb6af759ae58",
            "owner_id": "600018317388",
            "state": "available",
            "tags": {
              "Name": "common_vpc"
            }
          }
        }
      ]
    },
    {
      "module": "module.jumphost_comp.module.vpc_lookups",
      "mode": "data",
      "type": "aws_vpc",
      "name": "vpc",
      "provider": "provider.aws",
      "instances": [
        {
          "schema_version": 0,
          "attributes": {
            "arn": "arn:aws:ec2:us-east-2:600018317388:vpc/vpc-00ef7cdb3b35365a8",
            "cidr_block": "172.19.0.0/16",
            "cidr_block_associations": [
              {
                "association_id": "vpc-cidr-assoc-0f0a27c80d6f88edb",
                "cidr_block": "172.19.0.0/16",
                "state": "associated"
              }
            ],
            "default": false,
            "dhcp_options_id": "dopt-4bf75920",
            "enable_dns_hostnames": true,
            "enable_dns_support": true,
            "filter": [
              {
                "name": "cidr",
                "values": [
                  "172.19.0.0/16"
                ]
              }
            ],
            "id": "vpc-00ef7cdb3b35365a8",
            "instance_tenancy": "default",
            "ipv6_association_id": null,
            "ipv6_cidr_block": null,
            "main_route_table_id": "rtb-0511dfb6af759ae58",
            "owner_id": "600018317388",
            "state": "available",
            "tags": {
              "Name": "common_vpc"
            }
          }
        }
      ]
    },
    {
      "module": "module.jumphost_comp.module.jumphost.module.vpc_lookups",
      "mode": "data",
      "type": "aws_vpc",
      "name": "vpc",
      "provider": "provider.aws",
      "instances": [
        {
          "schema_version": 0,
          "attributes": {
            "arn": "arn:aws:ec2:us-east-2:600018317388:vpc/vpc-00ef7cdb3b35365a8",
            "cidr_block": "172.19.0.0/16",
            "cidr_block_associations": [
              {
                "association_id": "vpc-cidr-assoc-0f0a27c80d6f88edb",
                "cidr_block": "172.19.0.0/16",
                "state": "associated"
              }
            ],
            "default": false,
            "dhcp_options_id": "dopt-4bf75920",
            "enable_dns_hostnames": true,
            "enable_dns_support": true,
            "filter": [
              {
                "name": "cidr",
                "values": [
                  "172.19.0.0/16"
                ]
              }
            ],
            "id": "vpc-00ef7cdb3b35365a8",
            "instance_tenancy": "default",
            "ipv6_association_id": null,
            "ipv6_cidr_block": null,
            "main_route_table_id": "rtb-0511dfb6af759ae58",
            "owner_id": "600018317388",
            "state": "available",
            "tags": {
              "Name": "common_vpc"
            }
          }
        }
      ]
    },
    {
      "module": "module.mongodb_comp.module.mongo.module.ec2",
      "mode": "managed",
      "type": "aws_ebs_volume",
      "name": "volume-data",
      "each": "list",
      "provider": "provider.aws",
      "instances": [
        {
          "index_key": 0,
          "schema_version": 0,
          "attributes": {
            "arn": "arn:aws:ec2:us-east-2:600018317388:volume/vol-052f9fd64d283dbbb",
            "availability_zone": "us-east-2b",
            "encrypted": false,
            "id": "vol-052f9fd64d283dbbb",
            "iops": 100,
            "kms_key_id": "",
            "size": 10,
            "snapshot_id": "",
            "tags": {
              "Name": "mongodb-0-data"
            },
            "type": "gp2"
          },
          "private": "bnVsbA=="
        },
        {
          "index_key": 1,
          "schema_version": 0,
          "attributes": {
            "arn": "arn:aws:ec2:us-east-2:600018317388:volume/vol-023f34dc2d1ccbb38",
            "availability_zone": "us-east-2b",
            "encrypted": false,
            "id": "vol-023f34dc2d1ccbb38",
            "iops": 100,
            "kms_key_id": "",
            "size": 10,
            "snapshot_id": "",
            "tags": {
              "Name": "mongodb-1-data"
            },
            "type": "gp2"
          },
          "private": "bnVsbA=="
        }
      ]
    },
    {
      "module": "module.jumphost_comp.module.jumphost.module.ec2",
      "mode": "managed",
      "type": "aws_ebs_volume",
      "name": "volume-data",
      "each": "list",
      "provider": "provider.aws",
      "instances": []
    },
    {
      "module": "module.mongodb_comp.module.mongo.module.ec2",
      "mode": "managed",
      "type": "aws_eip",
      "name": "eip",
      "each": "list",
      "provider": "provider.aws",
      "instances": [
        {
          "index_key": 0,
          "schema_version": 0,
          "attributes": {
            "allocation_id": null,
            "associate_with_private_ip": null,
            "association_id": "eipassoc-0429f7297df8b9275",
            "domain": "vpc",
            "id": "eipalloc-01ca70280c5d94699",
            "instance": "i-0fb23fb7d16e156b5",
            "network_interface": "eni-0514163796beabbda",
            "private_dns": "ip-172-19-11-126.us-east-2.compute.internal",
            "private_ip": "172.19.11.126",
            "public_dns": "ec2-3-132-193-186.us-east-2.compute.amazonaws.com",
            "public_ip": "3.132.193.186",
            "public_ipv4_pool": "amazon",
            "tags": {},
            "timeouts": null,
            "vpc": true
          },
          "private": "eyJlMmJmYjczMC1lY2FhLTExZTYtOGY4OC0zNDM2M2JjN2M0YzAiOnsiZGVsZXRlIjoxODAwMDAwMDAwMDAsInJlYWQiOjkwMDAwMDAwMDAwMCwidXBkYXRlIjozMDAwMDAwMDAwMDB9fQ==",
          "dependencies": [
            "module.mongodb_comp.module.mongo.module.ec2.aws_instance.instance",
            "module.mongodb_comp.module.mongo.module.ec2.aws_network_interface.eni"
          ]
        },
        {
          "index_key": 1,
          "schema_version": 0,
          "attributes": {
            "allocation_id": null,
            "associate_with_private_ip": null,
            "association_id": "eipassoc-0f8dc8b25cee88117",
            "domain": "vpc",
            "id": "eipalloc-0490e829866c48586",
            "instance": "i-0dab7d4d2d57a0980",
            "network_interface": "eni-0da2f818c4b923e72",
            "private_dns": "ip-172-19-14-156.us-east-2.compute.internal",
            "private_ip": "172.19.14.156",
            "public_dns": "ec2-3-23-18-108.us-east-2.compute.amazonaws.com",
            "public_ip": "3.23.18.108",
            "public_ipv4_pool": "amazon",
            "tags": {},
            "timeouts": null,
            "vpc": true
          },
          "private": "eyJlMmJmYjczMC1lY2FhLTExZTYtOGY4OC0zNDM2M2JjN2M0YzAiOnsiZGVsZXRlIjoxODAwMDAwMDAwMDAsInJlYWQiOjkwMDAwMDAwMDAwMCwidXBkYXRlIjozMDAwMDAwMDAwMDB9fQ==",
          "dependencies": [
            "module.mongodb_comp.module.mongo.module.ec2.aws_instance.instance",
            "module.mongodb_comp.module.mongo.module.ec2.aws_network_interface.eni"
          ]
        }
      ]
    },
    {
      "module": "module.jumphost_comp.module.jumphost.module.ec2",
      "mode": "managed",
      "type": "aws_eip",
      "name": "eip",
      "each": "list",
      "provider": "provider.aws",
      "instances": [
        {
          "index_key": 0,
          "schema_version": 0,
          "attributes": {
            "allocation_id": null,
            "associate_with_private_ip": null,
            "association_id": "eipassoc-04b1447886a0985ec",
            "domain": "vpc",
            "id": "eipalloc-05c493bd622be1588",
            "instance": "i-03dc4184c5884f794",
            "network_interface": "eni-024ef5351d593fb41",
            "private_dns": "ip-172-19-0-18.us-east-2.compute.internal",
            "private_ip": "172.19.0.18",
            "public_dns": "ec2-3-23-28-92.us-east-2.compute.amazonaws.com",
            "public_ip": "3.23.28.92",
            "public_ipv4_pool": "amazon",
            "tags": {},
            "timeouts": null,
            "vpc": true
          },
          "private": "eyJlMmJmYjczMC1lY2FhLTExZTYtOGY4OC0zNDM2M2JjN2M0YzAiOnsiZGVsZXRlIjoxODAwMDAwMDAwMDAsInJlYWQiOjkwMDAwMDAwMDAwMCwidXBkYXRlIjozMDAwMDAwMDAwMDB9fQ==",
          "dependencies": [
            "module.jumphost_comp.aws_security_group.external_sg",
            "module.jumphost_comp.module.jumphost.module.ec2.aws_instance.instance",
            "module.jumphost_comp.module.jumphost.module.ec2.aws_network_interface.eni"
          ]
        }
      ]
    },
    {
      "module": "module.mongodb_comp.module.mongo.module.ec2",
      "mode": "managed",
      "type": "aws_eip_association",
      "name": "eip_assoc",
      "each": "list",
      "provider": "provider.aws",
      "instances": [
        {
          "index_key": 0,
          "schema_version": 0,
          "attributes": {
            "allocation_id": "eipalloc-01ca70280c5d94699",
            "allow_reassociation": null,
            "id": "eipassoc-0429f7297df8b9275",
            "instance_id": "i-0fb23fb7d16e156b5",
            "network_interface_id": "eni-0514163796beabbda",
            "private_ip_address": "172.19.11.126",
            "public_ip": "3.132.193.186"
          },
          "private": "bnVsbA==",
          "dependencies": [
            "module.mongodb_comp.module.mongo.module.ec2.aws_eip.eip",
            "module.mongodb_comp.module.mongo.module.ec2.aws_instance.instance",
            "module.mongodb_comp.module.mongo.module.ec2.aws_network_interface.eni"
          ]
        },
        {
          "index_key": 1,
          "schema_version": 0,
          "attributes": {
            "allocation_id": "eipalloc-0490e829866c48586",
            "allow_reassociation": null,
            "id": "eipassoc-0f8dc8b25cee88117",
            "instance_id": "i-0dab7d4d2d57a0980",
            "network_interface_id": "eni-0da2f818c4b923e72",
            "private_ip_address": "172.19.14.156",
            "public_ip": "3.23.18.108"
          },
          "private": "bnVsbA==",
          "dependencies": [
            "module.mongodb_comp.module.mongo.module.ec2.aws_eip.eip",
            "module.mongodb_comp.module.mongo.module.ec2.aws_instance.instance",
            "module.mongodb_comp.module.mongo.module.ec2.aws_network_interface.eni"
          ]
        }
      ]
    },
    {
      "module": "module.jumphost_comp.module.jumphost.module.ec2",
      "mode": "managed",
      "type": "aws_eip_association",
      "name": "eip_assoc",
      "each": "list",
      "provider": "provider.aws",
      "instances": [
        {
          "index_key": 0,
          "schema_version": 0,
          "attributes": {
            "allocation_id": "eipalloc-05c493bd622be1588",
            "allow_reassociation": null,
            "id": "eipassoc-04b1447886a0985ec",
            "instance_id": "i-03dc4184c5884f794",
            "network_interface_id": "eni-024ef5351d593fb41",
            "private_ip_address": "172.19.0.18",
            "public_ip": "3.23.28.92"
          },
          "private": "bnVsbA==",
          "dependencies": [
            "module.jumphost_comp.aws_security_group.external_sg",
            "module.jumphost_comp.module.jumphost.module.ec2.aws_eip.eip",
            "module.jumphost_comp.module.jumphost.module.ec2.aws_instance.instance",
            "module.jumphost_comp.module.jumphost.module.ec2.aws_network_interface.eni"
          ]
        }
      ]
    },
    {
      "module": "module.mongodb_comp.module.mongo.module.ec2",
      "mode": "managed",
      "type": "aws_instance",
      "name": "instance",
      "each": "list",
      "provider": "provider.aws",
      "instances": [
        {
          "index_key": 0,
          "schema_version": 1,
          "attributes": {
            "ami": "ami-0f7919c33c90f5b58",
            "arn": "arn:aws:ec2:us-east-2:600018317388:instance/i-0fb23fb7d16e156b5",
            "associate_public_ip_address": false,
            "availability_zone": "us-east-2b",
            "cpu_core_count": 1,
            "cpu_threads_per_core": 1,
            "credit_specification": [
              {
                "cpu_credits": "standard"
              }
            ],
            "disable_api_termination": false,
            "ebs_block_device": [],
            "ebs_optimized": false,
            "ephemeral_block_device": [],
            "get_password_data": false,
            "hibernation": false,
            "host_id": null,
            "iam_instance_profile": "",
            "id": "i-0fb23fb7d16e156b5",
            "instance_initiated_shutdown_behavior": null,
            "instance_state": "running",
            "instance_type": "t2.micro",
            "ipv6_address_count": 0,
            "ipv6_addresses": [],
            "key_name": "deployer-key",
            "metadata_options": [
              {
                "http_endpoint": "enabled",
                "http_put_response_hop_limit": 1,
                "http_tokens": "optional"
              }
            ],
            "monitoring": false,
            "network_interface": [
              {
                "delete_on_termination": false,
                "device_index": 0,
                "network_interface_id": "eni-0514163796beabbda"
              }
            ],
            "network_interface_id": null,
            "password_data": "",
            "placement_group": "",
            "primary_network_interface_id": "eni-0514163796beabbda",
            "private_dns": "ip-172-19-11-126.us-east-2.compute.internal",
            "private_ip": "172.19.11.126",
            "public_dns": "",
            "public_ip": "",
            "root_block_device": [
              {
                "delete_on_termination": true,
                "encrypted": false,
                "iops": 100,
                "kms_key_id": "",
                "volume_id": "vol-05e8c4d7c9fe4c6ad",
                "volume_size": 10,
                "volume_type": "gp2"
              }
            ],
            "security_groups": [],
            "source_dest_check": true,
            "subnet_id": "subnet-0f44497792ab950c7",
            "tags": {
              "Name": "mongodb00-wf1",
              "component": "jumphost",
              "env_subtype": "dev",
              "role": "mongodb"
            },
            "tenancy": "default",
            "timeouts": null,
            "user_data": "ff5e1faec4c7b5d87d68419435b90220259de9e6",
            "user_data_base64": null,
            "volume_tags": {},
            "vpc_security_group_ids": [
              "sg-05b5ce8e0211d48b2",
              "sg-0881ee7e0049e3778",
              "sg-0965d019c7cfb7b51",
              "sg-0cd3e63e2c8c17dbc"
            ]
          },
          "private": "eyJlMmJmYjczMC1lY2FhLTExZTYtOGY4OC0zNDM2M2JjN2M0YzAiOnsiY3JlYXRlIjo2MDAwMDAwMDAwMDAsImRlbGV0ZSI6MTIwMDAwMDAwMDAwMCwidXBkYXRlIjo2MDAwMDAwMDAwMDB9LCJzY2hlbWFfdmVyc2lvbiI6IjEifQ==",
          "dependencies": [
            "module.mongodb_comp.module.mongo.module.ec2.aws_network_interface.eni"
          ]
        },
        {
          "index_key": 1,
          "schema_version": 1,
          "attributes": {
            "ami": "ami-0f7919c33c90f5b58",
            "arn": "arn:aws:ec2:us-east-2:600018317388:instance/i-0dab7d4d2d57a0980",
            "associate_public_ip_address": false,
            "availability_zone": "us-east-2b",
            "cpu_core_count": 1,
            "cpu_threads_per_core": 1,
            "credit_specification": [
              {
                "cpu_credits": "standard"
              }
            ],
            "disable_api_termination": false,
            "ebs_block_device": [],
            "ebs_optimized": false,
            "ephemeral_block_device": [],
            "get_password_data": false,
            "hibernation": false,
            "host_id": null,
            "iam_instance_profile": "",
            "id": "i-0dab7d4d2d57a0980",
            "instance_initiated_shutdown_behavior": null,
            "instance_state": "running",
            "instance_type": "t2.micro",
            "ipv6_address_count": 0,
            "ipv6_addresses": [],
            "key_name": "deployer-key",
            "metadata_options": [
              {
                "http_endpoint": "enabled",
                "http_put_response_hop_limit": 1,
                "http_tokens": "optional"
              }
            ],
            "monitoring": false,
            "network_interface": [
              {
                "delete_on_termination": false,
                "device_index": 0,
                "network_interface_id": "eni-0da2f818c4b923e72"
              }
            ],
            "network_interface_id": null,
            "password_data": "",
            "placement_group": "",
            "primary_network_interface_id": "eni-0da2f818c4b923e72",
            "private_dns": "ip-172-19-14-156.us-east-2.compute.internal",
            "private_ip": "172.19.14.156",
            "public_dns": "",
            "public_ip": "",
            "root_block_device": [
              {
                "delete_on_termination": true,
                "encrypted": false,
                "iops": 100,
                "kms_key_id": "",
                "volume_id": "vol-004ad6cd03dd47a99",
                "volume_size": 10,
                "volume_type": "gp2"
              }
            ],
            "security_groups": [],
            "source_dest_check": true,
            "subnet_id": "subnet-0f44497792ab950c7",
            "tags": {
              "Name": "mongodb01-wf1",
              "component": "jumphost",
              "env_subtype": "dev",
              "role": "mongodb"
            },
            "tenancy": "default",
            "timeouts": null,
            "user_data": "ff5e1faec4c7b5d87d68419435b90220259de9e6",
            "user_data_base64": null,
            "volume_tags": {},
            "vpc_security_group_ids": [
              "sg-05b5ce8e0211d48b2",
              "sg-0881ee7e0049e3778",
              "sg-0965d019c7cfb7b51",
              "sg-0cd3e63e2c8c17dbc"
            ]
          },
          "private": "eyJlMmJmYjczMC1lY2FhLTExZTYtOGY4OC0zNDM2M2JjN2M0YzAiOnsiY3JlYXRlIjo2MDAwMDAwMDAwMDAsImRlbGV0ZSI6MTIwMDAwMDAwMDAwMCwidXBkYXRlIjo2MDAwMDAwMDAwMDB9LCJzY2hlbWFfdmVyc2lvbiI6IjEifQ==",
          "dependencies": [
            "module.mongodb_comp.module.mongo.module.ec2.aws_network_interface.eni"
          ]
        }
      ]
    },
    {
      "module": "module.jumphost_comp.module.jumphost.module.ec2",
      "mode": "managed",
      "type": "aws_instance",
      "name": "instance",
      "each": "list",
      "provider": "provider.aws",
      "instances": [
        {
          "index_key": 0,
          "schema_version": 1,
          "attributes": {
            "ami": "ami-0f7919c33c90f5b58",
            "arn": "arn:aws:ec2:us-east-2:600018317388:instance/i-03dc4184c5884f794",
            "associate_public_ip_address": true,
            "availability_zone": "us-east-2b",
            "cpu_core_count": 1,
            "cpu_threads_per_core": 1,
            "credit_specification": [
              {
                "cpu_credits": "standard"
              }
            ],
            "disable_api_termination": false,
            "ebs_block_device": [],
            "ebs_optimized": false,
            "ephemeral_block_device": [],
            "get_password_data": false,
            "hibernation": false,
            "host_id": null,
            "iam_instance_profile": "",
            "id": "i-03dc4184c5884f794",
            "instance_initiated_shutdown_behavior": null,
            "instance_state": "running",
            "instance_type": "t2.micro",
            "ipv6_address_count": 0,
            "ipv6_addresses": [],
            "key_name": "deployer-key",
            "metadata_options": [
              {
                "http_endpoint": "enabled",
                "http_put_response_hop_limit": 1,
                "http_tokens": "optional"
              }
            ],
            "monitoring": false,
            "network_interface": [
              {
                "delete_on_termination": false,
                "device_index": 0,
                "network_interface_id": "eni-024ef5351d593fb41"
              }
            ],
            "network_interface_id": null,
            "password_data": "",
            "placement_group": "",
            "primary_network_interface_id": "eni-024ef5351d593fb41",
            "private_dns": "ip-172-19-0-18.us-east-2.compute.internal",
            "private_ip": "172.19.0.18",
            "public_dns": "ec2-3-23-28-92.us-east-2.compute.amazonaws.com",
            "public_ip": "3.23.28.92",
            "root_block_device": [
              {
                "delete_on_termination": true,
                "encrypted": false,
                "iops": 100,
                "kms_key_id": "",
                "volume_id": "vol-042b10422bd04acbd",
                "volume_size": 10,
                "volume_type": "gp2"
              }
            ],
            "security_groups": [],
            "source_dest_check": true,
            "subnet_id": "subnet-0f44497792ab950c7",
            "tags": {
              "Name": "jumphost00-wf1",
              "component": "jumphost",
              "env_subtype": "dev",
              "role": "jumphost"
            },
            "tenancy": "default",
            "timeouts": null,
            "user_data": null,
            "user_data_base64": null,
            "volume_tags": {},
            "vpc_security_group_ids": [
              "sg-0276f61eb62f52cbf",
              "sg-05b5ce8e0211d48b2",
              "sg-0881ee7e0049e3778"
            ]
          },
          "private": "eyJlMmJmYjczMC1lY2FhLTExZTYtOGY4OC0zNDM2M2JjN2M0YzAiOnsiY3JlYXRlIjo2MDAwMDAwMDAwMDAsImRlbGV0ZSI6MTIwMDAwMDAwMDAwMCwidXBkYXRlIjo2MDAwMDAwMDAwMDB9LCJzY2hlbWFfdmVyc2lvbiI6IjEifQ==",
          "dependencies": [
            "module.jumphost_comp.aws_security_group.external_sg",
            "module.jumphost_comp.module.jumphost.module.ec2.aws_network_interface.eni"
          ]
        }
      ]
    },
    {
      "module": "module.mongodb_comp.module.mongo.module.ec2",
      "mode": "managed",
      "type": "aws_network_interface",
      "name": "eni",
      "each": "list",
      "provider": "provider.aws",
      "instances": [
        {
          "index_key": 0,
          "schema_version": 0,
          "attributes": {
            "attachment": [
              {
                "attachment_id": "eni-attach-0f7b9d3e7e7e9eb07",
                "device_index": 0,
                "instance": "i-0762a766f7f2ccfaa"
              }
            ],
            "description": "",
            "id": "eni-0514163796beabbda",
            "mac_address": "06:4e:95:23:c1:e8",
            "private_dns_name": "ip-172-19-11-126.us-east-2.compute.internal",
            "private_ip": "172.19.11.126",
            "private_ips": [
              "172.19.11.126"
            ],
            "private_ips_count": 0,
            "security_groups": [
              "sg-05b5ce8e0211d48b2",
              "sg-0881ee7e0049e3778",
              "sg-0965d019c7cfb7b51",
              "sg-0cd3e63e2c8c17dbc"
            ],
            "source_dest_check": true,
            "subnet_id": "subnet-0f44497792ab950c7",
            "tags": {
              "_ReservedDnsName": "mongodb00-wf1"
            }
          },
          "private": "bnVsbA==",
          "dependencies": [
            "module.mongodb_comp.aws_security_group.mongodb_external_sg"
          ]
        },
        {
          "index_key": 1,
          "schema_version": 0,
          "attributes": {
            "attachment": [
              {
                "attachment_id": "eni-attach-0315bfb5a76aea6cb",
                "device_index": 0,
                "instance": "i-0db576f37094bb7ae"
              }
            ],
            "description": "",
            "id": "eni-0da2f818c4b923e72",
            "mac_address": "06:fb:1f:ee:05:d6",
            "private_dns_name": "ip-172-19-14-156.us-east-2.compute.internal",
            "private_ip": "172.19.14.156",
            "private_ips": [
              "172.19.14.156"
            ],
            "private_ips_count": 0,
            "security_groups": [
              "sg-05b5ce8e0211d48b2",
              "sg-0881ee7e0049e3778",
              "sg-0965d019c7cfb7b51",
              "sg-0cd3e63e2c8c17dbc"
            ],
            "source_dest_check": true,
            "subnet_id": "subnet-0f44497792ab950c7",
            "tags": {
              "_ReservedDnsName": "mongodb01-wf1"
            }
          },
          "private": "bnVsbA==",
          "dependencies": [
            "module.mongodb_comp.aws_security_group.mongodb_external_sg"
          ]
        }
      ]
    },
    {
      "module": "module.jumphost_comp.module.jumphost.module.ec2",
      "mode": "managed",
      "type": "aws_network_interface",
      "name": "eni",
      "each": "list",
      "provider": "provider.aws",
      "instances": [
        {
          "index_key": 0,
          "schema_version": 0,
          "attributes": {
            "attachment": [
              {
                "attachment_id": "eni-attach-05bfa2ec306d8c23d",
                "device_index": 0,
                "instance": "i-03dc4184c5884f794"
              }
            ],
            "description": "",
            "id": "eni-024ef5351d593fb41",
            "mac_address": "06:98:5e:3f:f7:24",
            "private_dns_name": "ip-172-19-0-18.us-east-2.compute.internal",
            "private_ip": "172.19.0.18",
            "private_ips": [
              "172.19.0.18"
            ],
            "private_ips_count": 0,
            "security_groups": [
              "sg-0276f61eb62f52cbf",
              "sg-05b5ce8e0211d48b2",
              "sg-0881ee7e0049e3778"
            ],
            "source_dest_check": true,
            "subnet_id": "subnet-0f44497792ab950c7",
            "tags": {
              "_ReservedDnsName": "jumphost00-wf1"
            }
          },
          "private": "bnVsbA==",
          "dependencies": [
            "module.jumphost_comp.aws_security_group.external_sg"
          ]
        }
      ]
    },
    {
      "module": "module.jumphost_comp",
      "mode": "managed",
      "type": "aws_security_group",
      "name": "external_sg",
      "provider": "provider.aws",
      "instances": [
        {
          "schema_version": 1,
          "attributes": {
            "arn": "arn:aws:ec2:us-east-2:600018317388:security-group/sg-0276f61eb62f52cbf",
            "description": "Managed by Terraform",
            "egress": [
              {
                "cidr_blocks": [
                  "0.0.0.0/0"
                ],
                "description": "",
                "from_port": 0,
                "ipv6_cidr_blocks": [],
                "prefix_list_ids": [],
                "protocol": "-1",
                "security_groups": [],
                "self": false,
                "to_port": 0
              }
            ],
            "id": "sg-0276f61eb62f52cbf",
            "ingress": [
              {
                "cidr_blocks": [
                  "0.0.0.0/0"
                ],
                "description": "",
                "from_port": 22,
                "ipv6_cidr_blocks": [],
                "prefix_list_ids": [],
                "protocol": "tcp",
                "security_groups": [],
                "self": false,
                "to_port": 22
              },
              {
                "cidr_blocks": [
                  "0.0.0.0/0"
                ],
                "description": "",
                "from_port": 53,
                "ipv6_cidr_blocks": [],
                "prefix_list_ids": [],
                "protocol": "tcp",
                "security_groups": [],
                "self": false,
                "to_port": 53
              },
              {
                "cidr_blocks": [
                  "0.0.0.0/0"
                ],
                "description": "",
                "from_port": 8,
                "ipv6_cidr_blocks": [],
                "prefix_list_ids": [],
                "protocol": "icmp",
                "security_groups": [],
                "self": false,
                "to_port": 0
              },
              {
                "cidr_blocks": [
                  "172.0.0.0/8"
                ],
                "description": "",
                "from_port": 2379,
                "ipv6_cidr_blocks": [],
                "prefix_list_ids": [],
                "protocol": "tcp",
                "security_groups": [],
                "self": false,
                "to_port": 2379
              }
            ],
            "name": "external_sg",
            "name_prefix": null,
            "owner_id": "600018317388",
            "revoke_rules_on_delete": false,
            "tags": {},
            "timeouts": null,
            "vpc_id": "vpc-00ef7cdb3b35365a8"
          },
          "private": "eyJlMmJmYjczMC1lY2FhLTExZTYtOGY4OC0zNDM2M2JjN2M0YzAiOnsiY3JlYXRlIjo2MDAwMDAwMDAwMDAsImRlbGV0ZSI6NjAwMDAwMDAwMDAwfSwic2NoZW1hX3ZlcnNpb24iOiIxIn0="
        }
      ]
    },
    {
      "module": "module.jumphost_comp",
      "mode": "managed",
      "type": "aws_security_group",
      "name": "internal_sg",
      "provider": "provider.aws",
      "instances": [
        {
          "schema_version": 1,
          "attributes": {
            "arn": "arn:aws:ec2:us-east-2:600018317388:security-group/sg-0cd3e63e2c8c17dbc",
            "description": "Managed by Terraform",
            "egress": [
              {
                "cidr_blocks": [
                  "172.0.0.0/8"
                ],
                "description": "",
                "from_port": 0,
                "ipv6_cidr_blocks": [],
                "prefix_list_ids": [],
                "protocol": "-1",
                "security_groups": [],
                "self": false,
                "to_port": 0
              }
            ],
            "id": "sg-0cd3e63e2c8c17dbc",
            "ingress": [
              {
                "cidr_blocks": [
                  "172.0.0.0/8"
                ],
                "description": "",
                "from_port": 0,
                "ipv6_cidr_blocks": [],
                "prefix_list_ids": [],
                "protocol": "-1",
                "security_groups": [],
                "self": false,
                "to_port": 0
              }
            ],
            "name": "internal_sg",
            "name_prefix": null,
            "owner_id": "600018317388",
            "revoke_rules_on_delete": false,
            "tags": {},
            "timeouts": null,
            "vpc_id": "vpc-00ef7cdb3b35365a8"
          },
          "private": "eyJlMmJmYjczMC1lY2FhLTExZTYtOGY4OC0zNDM2M2JjN2M0YzAiOnsiY3JlYXRlIjo2MDAwMDAwMDAwMDAsImRlbGV0ZSI6NjAwMDAwMDAwMDAwfSwic2NoZW1hX3ZlcnNpb24iOiIxIn0="
        }
      ]
    },
    {
      "module": "module.mongodb_comp",
      "mode": "managed",
      "type": "aws_security_group",
      "name": "mongodb_external_sg",
      "provider": "provider.aws",
      "instances": [
        {
          "schema_version": 1,
          "attributes": {
            "arn": "arn:aws:ec2:us-east-2:600018317388:security-group/sg-0965d019c7cfb7b51",
            "description": "Managed by Terraform",
            "egress": [
              {
                "cidr_blocks": [
                  "0.0.0.0/0"
                ],
                "description": "",
                "from_port": 0,
                "ipv6_cidr_blocks": [],
                "prefix_list_ids": [],
                "protocol": "-1",
                "security_groups": [],
                "self": false,
                "to_port": 0
              }
            ],
            "id": "sg-0965d019c7cfb7b51",
            "ingress": [
              {
                "cidr_blocks": [
                  "0.0.0.0/0"
                ],
                "description": null,
                "from_port": 27017,
                "ipv6_cidr_blocks": [],
                "prefix_list_ids": [],
                "protocol": "tcp",
                "security_groups": [],
                "self": false,
                "to_port": 27017
              }
            ],
            "name": "mongodb_external_sg",
            "name_prefix": null,
            "owner_id": "600018317388",
            "revoke_rules_on_delete": false,
            "tags": {},
            "timeouts": null,
            "vpc_id": "vpc-00ef7cdb3b35365a8"
          },
          "private": "eyJlMmJmYjczMC1lY2FhLTExZTYtOGY4OC0zNDM2M2JjN2M0YzAiOnsiY3JlYXRlIjo2MDAwMDAwMDAwMDAsImRlbGV0ZSI6NjAwMDAwMDAwMDAwfSwic2NoZW1hX3ZlcnNpb24iOiIxIn0="
        }
      ]
    },
    {
      "module": "module.mongodb_comp.module.mongo.module.ec2",
      "mode": "managed",
      "type": "aws_volume_attachment",
      "name": "labeled_volume_attachment",
      "each": "list",
      "provider": "provider.aws",
      "instances": []
    },
    {
      "module": "module.jumphost_comp.module.jumphost.module.ec2",
      "mode": "managed",
      "type": "aws_volume_attachment",
      "name": "labeled_volume_attachment",
      "each": "list",
      "provider": "provider.aws",
      "instances": []
    },
    {
      "module": "module.mongodb_comp.module.mongo.module.ec2",
      "mode": "managed",
      "type": "aws_volume_attachment",
      "name": "volume-data-attachment",
      "each": "list",
      "provider": "provider.aws",
      "instances": [
        {
          "index_key": 0,
          "schema_version": 0,
          "attributes": {
            "device_name": "/dev/sdf",
            "force_detach": null,
            "id": "vai-1844711844",
            "instance_id": "i-0fb23fb7d16e156b5",
            "skip_destroy": null,
            "volume_id": "vol-052f9fd64d283dbbb"
          },
          "private": "bnVsbA==",
          "dependencies": [
            "module.mongodb_comp.module.mongo.module.ec2.aws_ebs_volume.volume-data",
            "module.mongodb_comp.module.mongo.module.ec2.aws_instance.instance",
            "module.mongodb_comp.module.mongo.module.ec2.aws_network_interface.eni"
          ]
        },
        {
          "index_key": 1,
          "schema_version": 0,
          "attributes": {
            "device_name": "/dev/sdf",
            "force_detach": null,
            "id": "vai-1061301999",
            "instance_id": "i-0dab7d4d2d57a0980",
            "skip_destroy": null,
            "volume_id": "vol-023f34dc2d1ccbb38"
          },
          "private": "bnVsbA==",
          "dependencies": [
            "module.mongodb_comp.module.mongo.module.ec2.aws_ebs_volume.volume-data",
            "module.mongodb_comp.module.mongo.module.ec2.aws_instance.instance",
            "module.mongodb_comp.module.mongo.module.ec2.aws_network_interface.eni"
          ]
        }
      ]
    },
    {
      "module": "module.jumphost_comp.module.jumphost.module.ec2",
      "mode": "managed",
      "type": "aws_volume_attachment",
      "name": "volume-data-attachment",
      "each": "list",
      "provider": "provider.aws",
      "instances": []
    }
  ]
}
